github.com/puremvc/puremvc-go-multicore-framework v0.0.0-20190425171212-581d79522a9e h1:KpCfamkxG+yd0kIaC2DcMF8beQ0pP5CaR3m2yiyxA1A=
github.com/puremvc/puremvc-go-multicore-framework v0.0.0-20190425171212-581d79522a9e/go.mod h1:V8GmTE38pQOXkAEvbMbtEdbjfHzwP71DasTnhkB/jso=
github.com/puremvc/puremvc-go-multicore-framework v0.0.0-20190425223801-d683b7dd8058/go.mod h1:XH8nNOatK3OuCuQPWHosyFxfHoO4FmE4KT1g+GC0Xqo=
github.com/puremvc/puremvc-go-multicore-framework v1.0.0 h1:BW7GUsuGBXoibTuZiwibTEZXu2gWPDf73yz7bHSI4S8=
github.com/puremvc/puremvc-go-multicore-framework v1.0.0/go.mod h1:XH8nNOatK3OuCuQPWHosyFxfHoO4FmE4KT1g+GC0Xqo=
